
Microsoft Visual Studio Solution File, Format Version 12.00
# Visual Studio Version 16
VisualStudioVersion = 16.0.28917.181
MinimumVisualStudioVersion = 10.0.40219.1
Project("{FAE04EC0-301F-11D3-BF4B-00C04F79EFBC}") = "EnumStructUpcastingDowncasting", "EnumStructUpcastingDowncasting\EnumStructUpcastingDowncasting.csproj", "{438ED4DC-7D84-4935-A440-3559262D895C}"
EndProject
Global
	GlobalSection(SolutionConfigurationPlatforms) = preSolution
		Debug|Any CPU = Debug|Any CPU
		Release|Any CPU = Release|Any CPU
	EndGlobalSection
	GlobalSection(ProjectConfigurationPlatforms) = postSolution
		{438ED4DC-7D84-4935-A440-3559262D895C}.Debug|Any CPU.ActiveCfg = Debug|Any CPU
		{438ED4DC-7D84-4935-A440-3559262D895C}.Debug|Any CPU.Build.0 = Debug|Any CPU
		{438ED4DC-7D84-4935-A440-3559262D895C}.Release|Any CPU.ActiveCfg = Release|Any CPU
		{438ED4DC-7D84-4935-A440-3559262D895C}.Release|Any CPU.Build.0 = Release|Any CPU
	EndGlobalSection
	GlobalSection(SolutionProperties) = preSolution
		HideSolutionNode = FALSE
	EndGlobalSection
	GlobalSection(ExtensibilityGlobals) = postSolution
		SolutionGuid = {CB0D3203-39E5-4864-AD6A-9500E36415DF}
	EndGlobalSection
EndGlobal
